{
  "name": "chat-app",
  "version": "0.0.0",
  "lockfileVersion": 1,
  "requires": true,
  "dependencies": {
    "@ngrx/effects": {
      "version": "4.0.2",
      "resolved": "https://registry.npmjs.org/@ngrx/effects/-/effects-4.0.2.tgz",
      "integrity": "sha1-MdbRSxyiOAtb4GHpHZoO2w8PJ8c="
    },
    "@ngrx/store": {
      "version": "4.0.2",
      "resolved": "https://registry.npmjs.org/@ngrx/store/-/store-4.0.2.tgz",
      "integrity": "sha1-vQOI8ERKeLhwWXOCdKPTtcxD5AI="
    },
    "bootstrap": {
      "version": "3.3.7",
      "resolved": "https://registry.npmjs.org/bootstrap/-/bootstrap-3.3.7.tgz",
      "integrity": "sha1-WjiTlFSfIzMIdaOxUGVldPip63E="
    }
  }
}
